
Microsoft Visual Studio Solution File, Format Version 10.00
# Visual Studio 2008
Project("{8BC9CEB8-8B4A-11D0-8D11-00A0C91BC942}") = "Plisgo", "Plisgo.vcproj", "{D1465A99-3739-470B-B64B-2D15AD3ABD2C}"
EndProject
Project("{8BC9CEB8-8B4A-11D0-8D11-00A0C91BC942}") = "PlisgoPS", "PlisgoPS.vcproj", "{81A1123D-AA5C-47DA-9A4C-EBC06444B3AF}"
	ProjectSection(ProjectDependencies) = postProject
		{D1465A99-3739-470B-B64B-2D15AD3ABD2C} = {D1465A99-3739-470B-B64B-2D15AD3ABD2C}
	EndProjectSection
EndProject
Global
	GlobalSection(SolutionConfigurationPlatforms) = preSolution
		Debug|Win32 = Debug|Win32
		Release|Win32 = Release|Win32
	EndGlobalSection
	GlobalSection(ProjectConfigurationPlatforms) = postSolution
		{D1465A99-3739-470B-B64B-2D15AD3ABD2C}.Debug|Win32.ActiveCfg = Debug|Win32
		{D1465A99-3739-470B-B64B-2D15AD3ABD2C}.Debug|Win32.Build.0 = Debug|Win32
		{D1465A99-3739-470B-B64B-2D15AD3ABD2C}.Release|Win32.ActiveCfg = Release|Win32
		{D1465A99-3739-470B-B64B-2D15AD3ABD2C}.Release|Win32.Build.0 = Release|Win32
		{81A1123D-AA5C-47DA-9A4C-EBC06444B3AF}.Debug|Win32.ActiveCfg = Debug|Win32
		{81A1123D-AA5C-47DA-9A4C-EBC06444B3AF}.Debug|Win32.Build.0 = Debug|Win32
		{81A1123D-AA5C-47DA-9A4C-EBC06444B3AF}.Release|Win32.ActiveCfg = Release|Win32
		{81A1123D-AA5C-47DA-9A4C-EBC06444B3AF}.Release|Win32.Build.0 = Release|Win32
	EndGlobalSection
	GlobalSection(SolutionProperties) = preSolution
		HideSolutionNode = FALSE
	EndGlobalSection
EndGlobal
